
Microsoft Visual Studio Solution File, Format Version 11.00
# Visual Studio 2010
Project("{8BC9CEB8-8B4A-11D0-8D11-00A0C91BC942}") = "practica 4", "practica 4.vcxproj", "{60474191-1C81-48A2-B707-78CD92C1D29B}"
EndProject
Project("{8BC9CEB8-8B4A-11D0-8D11-00A0C91BC942}") = "MideMedalleroWin", "..\MideMedalleroWin\MideMedalleroWin.vcxproj", "{ACF08DDC-9FD2-4D89-AEE5-621237A476DB}"
EndProject
Global
	GlobalSection(SolutionConfigurationPlatforms) = preSolution
		Debug|Win32 = Debug|Win32
		Release|Win32 = Release|Win32
	EndGlobalSection
	GlobalSection(ProjectConfigurationPlatforms) = postSolution
		{60474191-1C81-48A2-B707-78CD92C1D29B}.Debug|Win32.ActiveCfg = Debug|Win32
		{60474191-1C81-48A2-B707-78CD92C1D29B}.Debug|Win32.Build.0 = Debug|Win32
		{60474191-1C81-48A2-B707-78CD92C1D29B}.Release|Win32.ActiveCfg = Release|Win32
		{60474191-1C81-48A2-B707-78CD92C1D29B}.Release|Win32.Build.0 = Release|Win32
		{ACF08DDC-9FD2-4D89-AEE5-621237A476DB}.Debug|Win32.ActiveCfg = Debug|Win32
		{ACF08DDC-9FD2-4D89-AEE5-621237A476DB}.Debug|Win32.Build.0 = Debug|Win32
		{ACF08DDC-9FD2-4D89-AEE5-621237A476DB}.Release|Win32.ActiveCfg = Release|Win32
		{ACF08DDC-9FD2-4D89-AEE5-621237A476DB}.Release|Win32.Build.0 = Release|Win32
	EndGlobalSection
	GlobalSection(SolutionProperties) = preSolution
		HideSolutionNode = FALSE
	EndGlobalSection
EndGlobal
